// !$*UTF8*$!
{
	archiveVersion = 1;
	classes = {
	};
	objectVersion = 77;
	objects = {

/* Begin PBXBuildFile section */
		2432F2198353629656C02FC7 /* IdleMonitor.swift in Sources */ = {isa = PBXBuildFile; fileRef = 72050243BCEC4C1C73E8D5D2 /* IdleMonitor.swift */; };
		AD15F744C98771DCBCFCF93A /* ContentView.swift in Sources */ = {isa = PBXBuildFile; fileRef = 453113070FDD56A2DDD3DDDF /* ContentView.swift */; };
		E0D11473C0292917A2960743 /* IdleDetectorApp.swift in Sources */ = {isa = PBXBuildFile; fileRef = 4E0E91FB7807FA122D3144E7 /* IdleDetectorApp.swift */; };
		FE7D6165A358F8545FFFE2DD /* AppStyling.swift in Sources */ = {isa = PBXBuildFile; fileRef = 15F531ED3DE03186E1B0EE04 /* AppStyling.swift */; };
/* End PBXBuildFile section */

/* Begin PBXFileReference section */
		15F531ED3DE03186E1B0EE04 /* AppStyling.swift */ = {isa = PBXFileReference; lastKnownFileType = sourcecode.swift; path = AppStyling.swift; sourceTree = "<group>"; };
		453113070FDD56A2DDD3DDDF /* ContentView.swift */ = {isa = PBXFileReference; lastKnownFileType = sourcecode.swift; path = ContentView.swift; sourceTree = "<group>"; };
		4E0E91FB7807FA122D3144E7 /* IdleDetectorApp.swift */ = {isa = PBXFileReference; lastKnownFileType = sourcecode.swift; path = IdleDetectorApp.swift; sourceTree = "<group>"; };
		72050243BCEC4C1C73E8D5D2 /* IdleMonitor.swift */ = {isa = PBXFileReference; lastKnownFileType = sourcecode.swift; path = IdleMonitor.swift; sourceTree = "<group>"; };
		97E207CA0AFEE959394784DB /* Info.plist */ = {isa = PBXFileReference; lastKnownFileType = text.plist; path = Info.plist; sourceTree = "<group>"; };
		C9137DBCBAA9635E26772BD9 /* IdleDetector.app */ = {isa = PBXFileReference; explicitFileType = wrapper.application; includeInIndex = 0; path = IdleDetector.app; sourceTree = BUILT_PRODUCTS_DIR; };
/* End PBXFileReference section */

/* Begin PBXGroup section */
		3C50D75A8D5218A1C98F11B5 /* IdleDetector */ = {
			isa = PBXGroup;
			children = (
				15F531ED3DE03186E1B0EE04 /* AppStyling.swift */,
				453113070FDD56A2DDD3DDDF /* ContentView.swift */,
				4E0E91FB7807FA122D3144E7 /* IdleDetectorApp.swift */,
				72050243BCEC4C1C73E8D5D2 /* IdleMonitor.swift */,
				97E207CA0AFEE959394784DB /* Info.plist */,
			);
			path = IdleDetector;
			sourceTree = "<group>";
		};
		97548D4778F181D4105175C4 /* Products */ = {
			isa = PBXGroup;
			children = (
				C9137DBCBAA9635E26772BD9 /* IdleDetector.app */,
			);
			name = Products;
			sourceTree = "<group>";
		};
		E9D4A7409050A512CB83D742 = {
			isa = PBXGroup;
			children = (
				3C50D75A8D5218A1C98F11B5 /* IdleDetector */,
				97548D4778F181D4105175C4 /* Products */,
			);
			sourceTree = "<group>";
		};
/* End PBXGroup section */

/* Begin PBXNativeTarget section */
		5812BEAAC3CC56DF701C5AC1 /* IdleDetector */ = {
			isa = PBXNativeTarget;
			buildConfigurationList = 66A51BC843CFB8C0987130AD /* Build configuration list for PBXNativeTarget "IdleDetector" */;
			buildPhases = (
				3282F1F49E64B9621EA6021E /* Sources */,
			);
			buildRules = (
			);
			dependencies = (
			);
			name = IdleDetector;
			packageProductDependencies = (
			);
			productName = IdleDetector;
			productReference = C9137DBCBAA9635E26772BD9 /* IdleDetector.app */;
			productType = "com.apple.product-type.application";
		};
/* End PBXNativeTarget section */

/* Begin PBXProject section */
		30676BA72ED49E8846F83FFF /* Project object */ = {
			isa = PBXProject;
			attributes = {
				BuildIndependentTargetsInParallel = YES;
				LastUpgradeCheck = 1430;
				TargetAttributes = {
					5812BEAAC3CC56DF701C5AC1 = {
						ProvisioningStyle = Automatic;
					};
				};
			};
			buildConfigurationList = 4188ECD0BD2F087D51E9EA77 /* Build configuration list for PBXProject "IdleDetector" */;
			developmentRegion = en;
			hasScannedForEncodings = 0;
			knownRegions = (
				Base,
				en,
			);
			mainGroup = E9D4A7409050A512CB83D742;
			minimizedProjectReferenceProxies = 1;
			preferredProjectObjectVersion = 77;
			productRefGroup = 97548D4778F181D4105175C4 /* Products */;
			projectDirPath = "";
			projectRoot = "";
			targets = (
				5812BEAAC3CC56DF701C5AC1 /* IdleDetector */,
			);
		};
/* End PBXProject section */

/* Begin PBXSourcesBuildPhase section */
		3282F1F49E64B9621EA6021E /* Sources */ = {
			isa = PBXSourcesBuildPhase;
			buildActionMask = 2147483647;
			files = (
				FE7D6165A358F8545FFFE2DD /* AppStyling.swift in Sources */,
				AD15F744C98771DCBCFCF93A /* ContentView.swift in Sources */,
				E0D11473C0292917A2960743 /* IdleDetectorApp.swift in Sources */,
				2432F2198353629656C02FC7 /* IdleMonitor.swift in Sources */,
			);
			runOnlyForDeploymentPostprocessing = 0;
		};
/* End PBXSourcesBuildPhase section */

/* Begin XCBuildConfiguration section */
		3497D3580B1E1026E91CA541 /* Release */ = {
			isa = XCBuildConfiguration;
			buildSettings = {
				ASSETCATALOG_COMPILER_APPICON_NAME = AppIcon;
				CODE_SIGN_STYLE = Automatic;
				COMBINE_HIDPI_IMAGES = YES;
				CURRENT_PROJECT_VERSION = 1;
				DEAD_CODE_STRIPPING = YES;
				ENABLE_HARDENED_RUNTIME = YES;
				GENERATE_INFOPLIST_FILE = NO;
				INFOPLIST_FILE = IdleDetector/Info.plist;
				LD_RUNPATH_SEARCH_PATHS = (
					"$(inherited)",
					"@executable_path/../Frameworks",
				);
				MARKETING_VERSION = 1.0;
				PRODUCT_BUNDLE_IDENTIFIER = com.nuclearcyborg.IdleDetector;
				SDKROOT = macosx;
				SWIFT_VERSION = 5.0;
			};
			name = Release;
		};
		66E4B7D1CD569D97CB7CADDC /* Release */ = {
			isa = XCBuildConfiguration;
			buildSettings = {
				ALWAYS_SEARCH_USER_PATHS = NO;
				CLANG_ANALYZER_NONNULL = YES;
				CLANG_ANALYZER_NUMBER_OBJECT_CONVERSION = YES_AGGRESSIVE;
				CLANG_CXX_LANGUAGE_STANDARD = "gnu++14";
				CLANG_CXX_LIBRARY = "libc++";
				CLANG_ENABLE_MODULES = YES;
				CLANG_ENABLE_OBJC_ARC = YES;
				CLANG_ENABLE_OBJC_WEAK = YES;
				CLANG_WARN_BLOCK_CAPTURE_AUTORELEASING = YES;
				CLANG_WARN_BOOL_CONVERSION = YES;
				CLANG_WARN_COMMA = YES;
				CLANG_WARN_CONSTANT_CONVERSION = YES;
				CLANG_WARN_DEPRECATED_OBJC_IMPLEMENTATIONS = YES;
				CLANG_WARN_DIRECT_OBJC_ISA_USAGE = YES_ERROR;
				CLANG_WARN_DOCUMENTATION_COMMENTS = YES;
				CLANG_WARN_EMPTY_BODY = YES;
				CLANG_WARN_ENUM_CONVERSION = YES;
				CLANG_WARN_INFINITE_RECURSION = YES;
				CLANG_WARN_INT_CONVERSION = YES;
				CLANG_WARN_NON_LITERAL_NULL_CONVERSION = YES;
				CLANG_WARN_OBJC_IMPLICIT_RETAIN_SELF = YES;
				CLANG_WARN_OBJC_LITERAL_CONVERSION = YES;
				CLANG_WARN_OBJC_ROOT_CLASS = YES_ERROR;
				CLANG_WARN_QUOTED_INCLUDE_IN_FRAMEWORK_HEADER = YES;
				CLANG_WARN_RANGE_LOOP_ANALYSIS = YES;
				CLANG_WARN_STRICT_PROTOTYPES = YES;
				CLANG_WARN_SUSPICIOUS_MOVE = YES;
				CLANG_WARN_UNGUARDED_AVAILABILITY = YES_AGGRESSIVE;
				CLANG_WARN_UNREACHABLE_CODE = YES;
				CLANG_WARN__DUPLICATE_METHOD_MATCH = YES;
				COPY_PHASE_STRIP = NO;
				DEBUG_INFORMATION_FORMAT = "dwarf-with-dsym";
				ENABLE_NS_ASSERTIONS = NO;
				ENABLE_STRICT_OBJC_MSGSEND = YES;
				GCC_C_LANGUAGE_STANDARD = gnu11;
				GCC_NO_COMMON_BLOCKS = YES;
				GCC_WARN_64_TO_32_BIT_CONVERSION = YES;
				GCC_WARN_ABOUT_RETURN_TYPE = YES_ERROR;
				GCC_WARN_UNDECLARED_SELECTOR = YES;
				GCC_WARN_UNINITIALIZED_AUTOS = YES_AGGRESSIVE;
				GCC_WARN_UNUSED_FUNCTION = YES;
				GCC_WARN_UNUSED_VARIABLE = YES;
				MACOSX_DEPLOYMENT_TARGET = 14.0;
				MTL_ENABLE_DEBUG_INFO = NO;
				MTL_FAST_MATH = YES;
				PRODUCT_NAME = "$(TARGET_NAME)";
				SDKROOT = macosx;
				SWIFT_COMPILATION_MODE = wholemodule;
				SWIFT_OPTIMIZATION_LEVEL = "-O";
				SWIFT_VERSION = 5.0;
			};
			name = Release;
		};
		A0249EE2B3477DE88303CECA /* Debug */ = {
			isa = XCBuildConfiguration;
			buildSettings = {
				ALWAYS_SEARCH_USER_PATHS = NO;
				CLANG_ANALYZER_NONNULL = YES;
				CLANG_ANALYZER_NUMBER_OBJECT_CONVERSION = YES_AGGRESSIVE;
				CLANG_CXX_LANGUAGE_STANDARD = "gnu++14";
				CLANG_CXX_LIBRARY = "libc++";
				CLANG_ENABLE_MODULES = YES;
				CLANG_ENABLE_OBJC_ARC = YES;
				CLANG_ENABLE_OBJC_WEAK = YES;
				CLANG_WARN_BLOCK_CAPTURE_AUTORELEASING = YES;
				CLANG_WARN_BOOL_CONVERSION = YES;
				CLANG_WARN_COMMA = YES;
				CLANG_WARN_CONSTANT_CONVERSION = YES;
				CLANG_WARN_DEPRECATED_OBJC_IMPLEMENTATIONS = YES;
				CLANG_WARN_DIRECT_OBJC_ISA_USAGE = YES_ERROR;
				CLANG_WARN_DOCUMENTATION_COMMENTS = YES;
				CLANG_WARN_EMPTY_BODY = YES;
				CLANG_WARN_ENUM_CONVERSION = YES;
				CLANG_WARN_INFINITE_RECURSION = YES;
				CLANG_WARN_INT_CONVERSION = YES;
				CLANG_WARN_NON_LITERAL_NULL_CONVERSION = YES;
				CLANG_WARN_OBJC_IMPLICIT_RETAIN_SELF = YES;
				CLANG_WARN_OBJC_LITERAL_CONVERSION = YES;
				CLANG_WARN_OBJC_ROOT_CLASS = YES_ERROR;
				CLANG_WARN_QUOTED_INCLUDE_IN_FRAMEWORK_HEADER = YES;
				CLANG_WARN_RANGE_LOOP_ANALYSIS = YES;
				CLANG_WARN_STRICT_PROTOTYPES = YES;
				CLANG_WARN_SUSPICIOUS_MOVE = YES;
				CLANG_WARN_UNGUARDED_AVAILABILITY = YES_AGGRESSIVE;
				CLANG_WARN_UNREACHABLE_CODE = YES;
				CLANG_WARN__DUPLICATE_METHOD_MATCH = YES;
				COPY_PHASE_STRIP = NO;
				DEBUG_INFORMATION_FORMAT = dwarf;
				ENABLE_STRICT_OBJC_MSGSEND = YES;
				ENABLE_TESTABILITY = YES;
				GCC_C_LANGUAGE_STANDARD = gnu11;
				GCC_DYNAMIC_NO_PIC = NO;
				GCC_NO_COMMON_BLOCKS = YES;
				GCC_OPTIMIZATION_LEVEL = 0;
				GCC_PREPROCESSOR_DEFINITIONS = (
					"$(inherited)",
					"DEBUG=1",
				);
				GCC_WARN_64_TO_32_BIT_CONVERSION = YES;
				GCC_WARN_ABOUT_RETURN_TYPE = YES_ERROR;
				GCC_WARN_UNDECLARED_SELECTOR = YES;
				GCC_WARN_UNINITIALIZED_AUTOS = YES_AGGRESSIVE;
				GCC_WARN_UNUSED_FUNCTION = YES;
				GCC_WARN_UNUSED_VARIABLE = YES;
				MACOSX_DEPLOYMENT_TARGET = 14.0;
				MTL_ENABLE_DEBUG_INFO = INCLUDE_SOURCE;
				MTL_FAST_MATH = YES;
				ONLY_ACTIVE_ARCH = YES;
				PRODUCT_NAME = "$(TARGET_NAME)";
				SDKROOT = macosx;
				SWIFT_ACTIVE_COMPILATION_CONDITIONS = DEBUG;
				SWIFT_OPTIMIZATION_LEVEL = "-Onone";
				SWIFT_VERSION = 5.0;
			};
			name = Debug;
		};
		A08BE193386690B4B887E9A5 /* Debug */ = {
			isa = XCBuildConfiguration;
			buildSettings = {
				ASSETCATALOG_COMPILER_APPICON_NAME = AppIcon;
				CODE_SIGN_STYLE = Automatic;
				COMBINE_HIDPI_IMAGES = YES;
				CURRENT_PROJECT_VERSION = 1;
				DEAD_CODE_STRIPPING = YES;
				ENABLE_HARDENED_RUNTIME = YES;
				GENERATE_INFOPLIST_FILE = NO;
				INFOPLIST_FILE = IdleDetector/Info.plist;
				LD_RUNPATH_SEARCH_PATHS = (
					"$(inherited)",
					"@executable_path/../Frameworks",
				);
				MARKETING_VERSION = 1.0;
				PRODUCT_BUNDLE_IDENTIFIER = com.nuclearcyborg.IdleDetector;
				SDKROOT = macosx;
				SWIFT_VERSION = 5.0;
			};
			name = Debug;
		};
/* End XCBuildConfiguration section */

/* Begin XCConfigurationList section */
		4188ECD0BD2F087D51E9EA77 /* Build configuration list for PBXProject "IdleDetector" */ = {
			isa = XCConfigurationList;
			buildConfigurations = (
				A0249EE2B3477DE88303CECA /* Debug */,
				66E4B7D1CD569D97CB7CADDC /* Release */,
			);
			defaultConfigurationIsVisible = 0;
			defaultConfigurationName = Debug;
		};
		66A51BC843CFB8C0987130AD /* Build configuration list for PBXNativeTarget "IdleDetector" */ = {
			isa = XCConfigurationList;
			buildConfigurations = (
				A08BE193386690B4B887E9A5 /* Debug */,
				3497D3580B1E1026E91CA541 /* Release */,
			);
			defaultConfigurationIsVisible = 0;
			defaultConfigurationName = Debug;
		};
/* End XCConfigurationList section */
	};
	rootObject = 30676BA72ED49E8846F83FFF /* Project object */;
}
